
Microsoft Visual Studio Solution File, Format Version 12.00
# Visual Studio 15
VisualStudioVersion = 15.0.26730.10
MinimumVisualStudioVersion = 10.0.40219.1
Project("{8BC9CEB8-8B4A-11D0-8D11-00A0C91BC942}") = "ExTrackerApp", "ExTrackerApp\ExTrackerApp.vcxproj", "{6864BFB3-8934-4A35-BB8A-ED69008B730E}"
EndProject
Global
	GlobalSection(SolutionConfigurationPlatforms) = preSolution
		Debug|x64 = Debug|x64
		Debug|x86 = Debug|x86
		Release|x64 = Release|x64
		Release|x86 = Release|x86
	EndGlobalSection
	GlobalSection(ProjectConfigurationPlatforms) = postSolution
		{6864BFB3-8934-4A35-BB8A-ED69008B730E}.Debug|x64.ActiveCfg = Debug|x64
		{6864BFB3-8934-4A35-BB8A-ED69008B730E}.Debug|x64.Build.0 = Debug|x64
		{6864BFB3-8934-4A35-BB8A-ED69008B730E}.Debug|x86.ActiveCfg = Debug|Win32
		{6864BFB3-8934-4A35-BB8A-ED69008B730E}.Debug|x86.Build.0 = Debug|Win32
		{6864BFB3-8934-4A35-BB8A-ED69008B730E}.Release|x64.ActiveCfg = Release|x64
		{6864BFB3-8934-4A35-BB8A-ED69008B730E}.Release|x64.Build.0 = Release|x64
		{6864BFB3-8934-4A35-BB8A-ED69008B730E}.Release|x86.ActiveCfg = Release|Win32
		{6864BFB3-8934-4A35-BB8A-ED69008B730E}.Release|x86.Build.0 = Release|Win32
	EndGlobalSection
	GlobalSection(SolutionProperties) = preSolution
		HideSolutionNode = FALSE
	EndGlobalSection
	GlobalSection(ExtensibilityGlobals) = postSolution
		SolutionGuid = {189F8B9E-F917-4BA5-B1AC-09D89D7B52B8}
	EndGlobalSection
EndGlobal
